
Microsoft Visual Studio Solution File, Format Version 12.00
# Visual Studio Version 17
VisualStudioVersion = 17.13.35931.197
MinimumVisualStudioVersion = 10.0.40219.1
Project("{FAE04EC0-301F-11D3-BF4B-00C04F79EFBC}") = "MagmaTestWebApp", "MagmaTestWebApp\MagmaTestWebApp.csproj", "{56497A6A-090F-42BE-9592-4962CBD93B78}"
EndProject
Global
	GlobalSection(SolutionConfigurationPlatforms) = preSolution
		Debug|Any CPU = Debug|Any CPU
		Release|Any CPU = Release|Any CPU
	EndGlobalSection
	GlobalSection(ProjectConfigurationPlatforms) = postSolution
		{56497A6A-090F-42BE-9592-4962CBD93B78}.Debug|Any CPU.ActiveCfg = Debug|Any CPU
		{56497A6A-090F-42BE-9592-4962CBD93B78}.Debug|Any CPU.Build.0 = Debug|Any CPU
		{56497A6A-090F-42BE-9592-4962CBD93B78}.Release|Any CPU.ActiveCfg = Release|Any CPU
		{56497A6A-090F-42BE-9592-4962CBD93B78}.Release|Any CPU.Build.0 = Release|Any CPU
	EndGlobalSection
	GlobalSection(SolutionProperties) = preSolution
		HideSolutionNode = FALSE
	EndGlobalSection
	GlobalSection(ExtensibilityGlobals) = postSolution
		SolutionGuid = {48E6968E-1A5A-4375-BBCD-80C38E4A26D5}
	EndGlobalSection
EndGlobal
